
Microsoft Visual Studio Solution File, Format Version 12.00
# Visual Studio Express 2012 for Windows Desktop
Project("{FAE04EC0-301F-11D3-BF4B-00C04F79EFBC}") = "Hexagons", "Hexagons\Hexagons.csproj", "{F22E9AB9-4FF9-42AF-86E6-11F4F690DF8A}"
EndProject
Global
	GlobalSection(SolutionConfigurationPlatforms) = preSolution
		Debug|Any CPU = Debug|Any CPU
		Release|Any CPU = Release|Any CPU
	EndGlobalSection
	GlobalSection(ProjectConfigurationPlatforms) = postSolution
		{F22E9AB9-4FF9-42AF-86E6-11F4F690DF8A}.Debug|Any CPU.ActiveCfg = Debug|Any CPU
		{F22E9AB9-4FF9-42AF-86E6-11F4F690DF8A}.Debug|Any CPU.Build.0 = Debug|Any CPU
		{F22E9AB9-4FF9-42AF-86E6-11F4F690DF8A}.Release|Any CPU.ActiveCfg = Release|Any CPU
		{F22E9AB9-4FF9-42AF-86E6-11F4F690DF8A}.Release|Any CPU.Build.0 = Release|Any CPU
	EndGlobalSection
	GlobalSection(SolutionProperties) = preSolution
		HideSolutionNode = FALSE
	EndGlobalSection
EndGlobal
